
Microsoft Visual Studio Solution File, Format Version 12.00
# Visual Studio Version 17
VisualStudioVersion = 17.4.33213.308
MinimumVisualStudioVersion = 10.0.40219.1
Project("{FAE04EC0-301F-11D3-BF4B-00C04F79EFBC}") = "makevision-ng", "makevision-ng.csproj", "{991AEE14-A082-4A41-B08A-45F102C3ED2F}"
EndProject
Global
	GlobalSection(SolutionConfigurationPlatforms) = preSolution
		Debug|Any CPU = Debug|Any CPU
		Release|Any CPU = Release|Any CPU
	EndGlobalSection
	GlobalSection(ProjectConfigurationPlatforms) = postSolution
		{991AEE14-A082-4A41-B08A-45F102C3ED2F}.Debug|Any CPU.ActiveCfg = Debug|Any CPU
		{991AEE14-A082-4A41-B08A-45F102C3ED2F}.Debug|Any CPU.Build.0 = Debug|Any CPU
		{991AEE14-A082-4A41-B08A-45F102C3ED2F}.Release|Any CPU.ActiveCfg = Release|Any CPU
		{991AEE14-A082-4A41-B08A-45F102C3ED2F}.Release|Any CPU.Build.0 = Release|Any CPU
	EndGlobalSection
	GlobalSection(SolutionProperties) = preSolution
		HideSolutionNode = FALSE
	EndGlobalSection
	GlobalSection(ExtensibilityGlobals) = postSolution
		SolutionGuid = {BD1AC6DE-5399-4028-BCAF-24E38A67E720}
	EndGlobalSection
EndGlobal
